
Microsoft Visual Studio Solution File, Format Version 12.00
# Visual Studio Version 17
VisualStudioVersion = 17.0.31903.59
MinimumVisualStudioVersion = 10.0.40219.1
Project("{2150E333-8FDC-42A3-9474-1A3956D46DE8}") = "src", "src", "{827E0CD3-B72D-47B6-A68D-7590B98EB39B}"
EndProject
Project("{2150E333-8FDC-42A3-9474-1A3956D46DE8}") = "BuildingBlocks", "BuildingBlocks", "{90298CBA-BD6F-3A0A-69D5-97CAD7B05E7E}"
EndProject
Project("{FAE04EC0-301F-11D3-BF4B-00C04F79EFBC}") = "DentaCore.BuildingBlocks.Application", "src\BuildingBlocks\DentaCore.BuildingBlocks.Application\DentaCore.BuildingBlocks.Application.csproj", "{6B330F52-B668-4DAE-82EC-C1C603FA576A}"
EndProject
Project("{FAE04EC0-301F-11D3-BF4B-00C04F79EFBC}") = "DentaCore.BuildingBlocks.Domain", "src\BuildingBlocks\DentaCore.BuildingBlocks.Domain\DentaCore.BuildingBlocks.Domain.csproj", "{6824FA3A-3194-41A9-918E-5A9843AB3645}"
EndProject
Project("{FAE04EC0-301F-11D3-BF4B-00C04F79EFBC}") = "DentaCore.BuildingBlocks.Infrastructure", "src\BuildingBlocks\DentaCore.BuildingBlocks.Infrastructure\DentaCore.BuildingBlocks.Infrastructure.csproj", "{886FD4CE-24E3-4C37-92FD-4E807CB68A15}"
EndProject
Project("{2150E333-8FDC-42A3-9474-1A3956D46DE8}") = "Hosts", "Hosts", "{C79C3622-AC92-5B3C-4F71-0BD0E7B3816F}"
EndProject
Project("{FAE04EC0-301F-11D3-BF4B-00C04F79EFBC}") = "DentaCore.Billing.Api", "src\Hosts\DentaCore.Billing.Api\DentaCore.Billing.Api.csproj", "{5D06C0C9-CE55-4E04-89AB-3C9C1C807E19}"
EndProject
Project("{2150E333-8FDC-42A3-9474-1A3956D46DE8}") = "Modules", "Modules", "{EC447DCF-ABFA-6E24-52A5-D7FD48A5C558}"
EndProject
Project("{2150E333-8FDC-42A3-9474-1A3956D46DE8}") = "Billing", "Billing", "{61DCC6D7-ECE4-129F-6A42-39B2DD414C68}"
EndProject
Project("{FAE04EC0-301F-11D3-BF4B-00C04F79EFBC}") = "DentaCore.Billing.Infrastructure", "src\Modules\Billing\DentaCore.Billing.Infrastructure\DentaCore.Billing.Infrastructure.csproj", "{295102B5-0F98-4617-8D49-0E54DBEFD5CE}"
EndProject
Project("{FAE04EC0-301F-11D3-BF4B-00C04F79EFBC}") = "DentaCore.Billing.Application", "src\Modules\Billing\DentaCore.Billing.Application\DentaCore.Billing.Application.csproj", "{5D2F01BE-DFEB-4DA1-99A3-99097E30E92B}"
EndProject
Project("{FAE04EC0-301F-11D3-BF4B-00C04F79EFBC}") = "DentaCore.Billing.Domain", "src\Modules\Billing\DentaCore.Billing.Domain\DentaCore.Billing.Domain.csproj", "{48DFA6E3-C8D8-4AE1-8078-2697EB1B45C1}"
EndProject
Project("{FAE04EC0-301F-11D3-BF4B-00C04F79EFBC}") = "DentaCore.Billing.Contracts", "src\Modules\Billing\DentaCore.Billing.Contracts\DentaCore.Billing.Contracts.csproj", "{95F7DD3B-9796-4E99-B88D-0519DC428F22}"
EndProject
Project("{FAE04EC0-301F-11D3-BF4B-00C04F79EFBC}") = "DentaCore.ClinicCore.Api", "src\Hosts\DentaCore.ClinicCore.Api\DentaCore.ClinicCore.Api.csproj", "{050A764C-58DC-491B-8D21-037B395F5A42}"
EndProject
Project("{2150E333-8FDC-42A3-9474-1A3956D46DE8}") = "Patient", "Patient", "{D8790863-0130-38CD-EBA0-9F55971BEA30}"
EndProject
Project("{FAE04EC0-301F-11D3-BF4B-00C04F79EFBC}") = "DentaCore.Patient.Infrastructure", "src\Modules\Patient\DentaCore.Patient.Infrastructure\DentaCore.Patient.Infrastructure.csproj", "{81A23331-1683-4157-9363-904C07ABC733}"
EndProject
Project("{FAE04EC0-301F-11D3-BF4B-00C04F79EFBC}") = "DentaCore.Patient.Application", "src\Modules\Patient\DentaCore.Patient.Application\DentaCore.Patient.Application.csproj", "{58E68DEA-A416-4559-8201-390CE56FB1E9}"
EndProject
Project("{FAE04EC0-301F-11D3-BF4B-00C04F79EFBC}") = "DentaCore.Patient.Domain", "src\Modules\Patient\DentaCore.Patient.Domain\DentaCore.Patient.Domain.csproj", "{6D26CAE0-2E90-42BC-9523-58A47E5D512E}"
EndProject
Project("{FAE04EC0-301F-11D3-BF4B-00C04F79EFBC}") = "DentaCore.Patient.Contracts", "src\Modules\Patient\DentaCore.Patient.Contracts\DentaCore.Patient.Contracts.csproj", "{C1183B91-498F-45D5-B032-E6700AEAD699}"
EndProject
Project("{2150E333-8FDC-42A3-9474-1A3956D46DE8}") = "Scheduling", "Scheduling", "{F0F0C51C-F6A5-8ED5-E07B-23BB77F4B418}"
EndProject
Project("{FAE04EC0-301F-11D3-BF4B-00C04F79EFBC}") = "DentaCore.Scheduling.Infrastructure", "src\Modules\Scheduling\DentaCore.Scheduling.Infrastructure\DentaCore.Scheduling.Infrastructure.csproj", "{9D9C4D60-854B-4737-B311-D1207321EFFB}"
EndProject
Project("{FAE04EC0-301F-11D3-BF4B-00C04F79EFBC}") = "DentaCore.Scheduling.Application", "src\Modules\Scheduling\DentaCore.Scheduling.Application\DentaCore.Scheduling.Application.csproj", "{A1104D01-CDB9-43D6-B021-948FB66AB369}"
EndProject
Project("{FAE04EC0-301F-11D3-BF4B-00C04F79EFBC}") = "DentaCore.Scheduling.Domain", "src\Modules\Scheduling\DentaCore.Scheduling.Domain\DentaCore.Scheduling.Domain.csproj", "{0BA1EDC1-2B8E-49CD-877A-31BE0D0E6BBE}"
EndProject
Project("{FAE04EC0-301F-11D3-BF4B-00C04F79EFBC}") = "DentaCore.Scheduling.Contracts", "src\Modules\Scheduling\DentaCore.Scheduling.Contracts\DentaCore.Scheduling.Contracts.csproj", "{D0B619C9-B4EF-43BA-AA52-86404A2B053F}"
EndProject
Project("{2150E333-8FDC-42A3-9474-1A3956D46DE8}") = "Clinical", "Clinical", "{517DC30C-B131-A355-C0E4-26582AB1537B}"
EndProject
Project("{FAE04EC0-301F-11D3-BF4B-00C04F79EFBC}") = "DentaCore.Clinical.Infrastructure", "src\Modules\Clinical\DentaCore.Clinical.Infrastructure\DentaCore.Clinical.Infrastructure.csproj", "{5ADD8171-E7DF-4B9E-918D-8B42B5AAB46D}"
EndProject
Project("{FAE04EC0-301F-11D3-BF4B-00C04F79EFBC}") = "DentaCore.Clinical.Application", "src\Modules\Clinical\DentaCore.Clinical.Application\DentaCore.Clinical.Application.csproj", "{619C3C6E-0F20-4E96-BCFF-ECAA99FDB2E0}"
EndProject
Project("{FAE04EC0-301F-11D3-BF4B-00C04F79EFBC}") = "DentaCore.Clinical.Domain", "src\Modules\Clinical\DentaCore.Clinical.Domain\DentaCore.Clinical.Domain.csproj", "{2028831E-BF46-42D0-B6A8-914C8B2C9900}"
EndProject
Project("{FAE04EC0-301F-11D3-BF4B-00C04F79EFBC}") = "DentaCore.Clinical.Contracts", "src\Modules\Clinical\DentaCore.Clinical.Contracts\DentaCore.Clinical.Contracts.csproj", "{58E95ED8-9EFA-4154-B364-992A8B227194}"
EndProject
Project("{2150E333-8FDC-42A3-9474-1A3956D46DE8}") = "Sync", "Sync", "{6B536048-77DE-3F4A-EF5C-A3366A257D51}"
EndProject
Project("{FAE04EC0-301F-11D3-BF4B-00C04F79EFBC}") = "DentaCore.Sync.Infrastructure", "src\Modules\Sync\DentaCore.Sync.Infrastructure\DentaCore.Sync.Infrastructure.csproj", "{96054AFD-595A-446B-A0B7-2B9BC6D53552}"
EndProject
Project("{FAE04EC0-301F-11D3-BF4B-00C04F79EFBC}") = "DentaCore.Sync.Application", "src\Modules\Sync\DentaCore.Sync.Application\DentaCore.Sync.Application.csproj", "{DF0D0F20-06C4-4F50-B04D-49C2FE329F2F}"
EndProject
Project("{FAE04EC0-301F-11D3-BF4B-00C04F79EFBC}") = "DentaCore.Sync.Domain", "src\Modules\Sync\DentaCore.Sync.Domain\DentaCore.Sync.Domain.csproj", "{284FBC12-BFBD-43B3-AFF9-FDD8E28CD40E}"
EndProject
Project("{FAE04EC0-301F-11D3-BF4B-00C04F79EFBC}") = "DentaCore.Sync.Contracts", "src\Modules\Sync\DentaCore.Sync.Contracts\DentaCore.Sync.Contracts.csproj", "{6D0114BB-B083-46BA-9ACB-4CB2AE90378A}"
EndProject
Project("{FAE04EC0-301F-11D3-BF4B-00C04F79EFBC}") = "DentaCore.Gateway", "src\Hosts\DentaCore.Gateway\DentaCore.Gateway.csproj", "{99F4706D-366D-4F74-80A0-F7521E4C91EE}"
EndProject
Project("{FAE04EC0-301F-11D3-BF4B-00C04F79EFBC}") = "DentaCore.Identity.Api", "src\Hosts\DentaCore.Identity.Api\DentaCore.Identity.Api.csproj", "{FD5CA0B5-511F-4D68-A4AB-AE9082308B98}"
EndProject
Project("{2150E333-8FDC-42A3-9474-1A3956D46DE8}") = "Identity", "Identity", "{0EC62A1A-9858-3A60-8A0C-FC9AACFA2EC7}"
EndProject
Project("{FAE04EC0-301F-11D3-BF4B-00C04F79EFBC}") = "DentaCore.Identity.Infrastructure", "src\Modules\Identity\DentaCore.Identity.Infrastructure\DentaCore.Identity.Infrastructure.csproj", "{35855E1A-BA1E-48C2-A62A-DE9F031D5BD5}"
EndProject
Project("{FAE04EC0-301F-11D3-BF4B-00C04F79EFBC}") = "DentaCore.Identity.Application", "src\Modules\Identity\DentaCore.Identity.Application\DentaCore.Identity.Application.csproj", "{33F5EF13-E5E0-4801-8EE5-6C4A660BE78D}"
EndProject
Project("{FAE04EC0-301F-11D3-BF4B-00C04F79EFBC}") = "DentaCore.Identity.Domain", "src\Modules\Identity\DentaCore.Identity.Domain\DentaCore.Identity.Domain.csproj", "{EF9ABC5F-226A-43A9-BC40-6D18FBBE1241}"
EndProject
Project("{FAE04EC0-301F-11D3-BF4B-00C04F79EFBC}") = "DentaCore.Identity.Contracts", "src\Modules\Identity\DentaCore.Identity.Contracts\DentaCore.Identity.Contracts.csproj", "{B3A3A81F-A3CC-4D78-8D86-0D41636E2867}"
EndProject
Project("{2150E333-8FDC-42A3-9474-1A3956D46DE8}") = "Tenancy", "Tenancy", "{4229EDB8-0862-B55E-9945-90D59FE8EB87}"
EndProject
Project("{FAE04EC0-301F-11D3-BF4B-00C04F79EFBC}") = "DentaCore.Tenancy.Infrastructure", "src\Modules\Tenancy\DentaCore.Tenancy.Infrastructure\DentaCore.Tenancy.Infrastructure.csproj", "{F88A7A7E-3D38-4371-ACAF-FE5AF0765503}"
EndProject
Project("{FAE04EC0-301F-11D3-BF4B-00C04F79EFBC}") = "DentaCore.Tenancy.Application", "src\Modules\Tenancy\DentaCore.Tenancy.Application\DentaCore.Tenancy.Application.csproj", "{1E4FDABF-9610-4382-84C2-16100EC85504}"
EndProject
Project("{FAE04EC0-301F-11D3-BF4B-00C04F79EFBC}") = "DentaCore.Tenancy.Domain", "src\Modules\Tenancy\DentaCore.Tenancy.Domain\DentaCore.Tenancy.Domain.csproj", "{5A52584C-704A-489B-9E8E-46E4068B3074}"
EndProject
Project("{FAE04EC0-301F-11D3-BF4B-00C04F79EFBC}") = "DentaCore.Tenancy.Contracts", "src\Modules\Tenancy\DentaCore.Tenancy.Contracts\DentaCore.Tenancy.Contracts.csproj", "{5F72F732-6864-4199-A0EA-30CF9E133E5E}"
EndProject
Project("{2150E333-8FDC-42A3-9474-1A3956D46DE8}") = "Audit", "Audit", "{B7504168-2F66-9EF4-E8D7-36B98062A6F8}"
EndProject
Project("{FAE04EC0-301F-11D3-BF4B-00C04F79EFBC}") = "DentaCore.Audit.Infrastructure", "src\Modules\Audit\DentaCore.Audit.Infrastructure\DentaCore.Audit.Infrastructure.csproj", "{304B89A3-6C14-4681-B183-73C7A127E516}"
EndProject
Project("{FAE04EC0-301F-11D3-BF4B-00C04F79EFBC}") = "DentaCore.Audit.Application", "src\Modules\Audit\DentaCore.Audit.Application\DentaCore.Audit.Application.csproj", "{C0620237-29AB-4B67-BDAF-6F707AAE6482}"
EndProject
Project("{FAE04EC0-301F-11D3-BF4B-00C04F79EFBC}") = "DentaCore.Audit.Domain", "src\Modules\Audit\DentaCore.Audit.Domain\DentaCore.Audit.Domain.csproj", "{F3B5D508-8F3B-4E33-AABF-A992F4FAFF96}"
EndProject
Project("{FAE04EC0-301F-11D3-BF4B-00C04F79EFBC}") = "DentaCore.Audit.Contracts", "src\Modules\Audit\DentaCore.Audit.Contracts\DentaCore.Audit.Contracts.csproj", "{7D3DF6E0-FC95-4FD3-B8E6-895A322645CC}"
EndProject
Project("{FAE04EC0-301F-11D3-BF4B-00C04F79EFBC}") = "DentaCore.Notify.Api", "src\Hosts\DentaCore.Notify.Api\DentaCore.Notify.Api.csproj", "{82A287F9-A23A-45B8-ACBD-EA386543A60D}"
EndProject
Project("{FAE04EC0-301F-11D3-BF4B-00C04F79EFBC}") = "DentaCore.Workers", "src\Hosts\DentaCore.Workers\DentaCore.Workers.csproj", "{0CD27E6C-3800-4D5D-9FFB-0E55C1B4ADA2}"
EndProject
Project("{2150E333-8FDC-42A3-9474-1A3956D46DE8}") = "tests", "tests", "{0AB3BF05-4346-4AA6-1389-037BE0695223}"
EndProject
Project("{FAE04EC0-301F-11D3-BF4B-00C04F79EFBC}") = "DentaCore.Architecture.Tests", "tests\DentaCore.Architecture.Tests\DentaCore.Architecture.Tests.csproj", "{D22CEB69-D10C-4409-8437-CEEACC6E0CF5}"
EndProject
Global
	GlobalSection(SolutionConfigurationPlatforms) = preSolution
		Debug|Any CPU = Debug|Any CPU
		Debug|x64 = Debug|x64
		Debug|x86 = Debug|x86
		Release|Any CPU = Release|Any CPU
		Release|x64 = Release|x64
		Release|x86 = Release|x86
	EndGlobalSection
	GlobalSection(ProjectConfigurationPlatforms) = postSolution
		{6B330F52-B668-4DAE-82EC-C1C603FA576A}.Debug|Any CPU.ActiveCfg = Debug|Any CPU
		{6B330F52-B668-4DAE-82EC-C1C603FA576A}.Debug|Any CPU.Build.0 = Debug|Any CPU
		{6B330F52-B668-4DAE-82EC-C1C603FA576A}.Debug|x64.ActiveCfg = Debug|Any CPU
		{6B330F52-B668-4DAE-82EC-C1C603FA576A}.Debug|x64.Build.0 = Debug|Any CPU
		{6B330F52-B668-4DAE-82EC-C1C603FA576A}.Debug|x86.ActiveCfg = Debug|Any CPU
		{6B330F52-B668-4DAE-82EC-C1C603FA576A}.Debug|x86.Build.0 = Debug|Any CPU
		{6B330F52-B668-4DAE-82EC-C1C603FA576A}.Release|Any CPU.ActiveCfg = Release|Any CPU
		{6B330F52-B668-4DAE-82EC-C1C603FA576A}.Release|Any CPU.Build.0 = Release|Any CPU
		{6B330F52-B668-4DAE-82EC-C1C603FA576A}.Release|x64.ActiveCfg = Release|Any CPU
		{6B330F52-B668-4DAE-82EC-C1C603FA576A}.Release|x64.Build.0 = Release|Any CPU
		{6B330F52-B668-4DAE-82EC-C1C603FA576A}.Release|x86.ActiveCfg = Release|Any CPU
		{6B330F52-B668-4DAE-82EC-C1C603FA576A}.Release|x86.Build.0 = Release|Any CPU
		{6824FA3A-3194-41A9-918E-5A9843AB3645}.Debug|Any CPU.ActiveCfg = Debug|Any CPU
		{6824FA3A-3194-41A9-918E-5A9843AB3645}.Debug|Any CPU.Build.0 = Debug|Any CPU
		{6824FA3A-3194-41A9-918E-5A9843AB3645}.Debug|x64.ActiveCfg = Debug|Any CPU
		{6824FA3A-3194-41A9-918E-5A9843AB3645}.Debug|x64.Build.0 = Debug|Any CPU
		{6824FA3A-3194-41A9-918E-5A9843AB3645}.Debug|x86.ActiveCfg = Debug|Any CPU
		{6824FA3A-3194-41A9-918E-5A9843AB3645}.Debug|x86.Build.0 = Debug|Any CPU
		{6824FA3A-3194-41A9-918E-5A9843AB3645}.Release|Any CPU.ActiveCfg = Release|Any CPU
		{6824FA3A-3194-41A9-918E-5A9843AB3645}.Release|Any CPU.Build.0 = Release|Any CPU
		{6824FA3A-3194-41A9-918E-5A9843AB3645}.Release|x64.ActiveCfg = Release|Any CPU
		{6824FA3A-3194-41A9-918E-5A9843AB3645}.Release|x64.Build.0 = Release|Any CPU
		{6824FA3A-3194-41A9-918E-5A9843AB3645}.Release|x86.ActiveCfg = Release|Any CPU
		{6824FA3A-3194-41A9-918E-5A9843AB3645}.Release|x86.Build.0 = Release|Any CPU
		{886FD4CE-24E3-4C37-92FD-4E807CB68A15}.Debug|Any CPU.ActiveCfg = Debug|Any CPU
		{886FD4CE-24E3-4C37-92FD-4E807CB68A15}.Debug|Any CPU.Build.0 = Debug|Any CPU
		{886FD4CE-24E3-4C37-92FD-4E807CB68A15}.Debug|x64.ActiveCfg = Debug|Any CPU
		{886FD4CE-24E3-4C37-92FD-4E807CB68A15}.Debug|x64.Build.0 = Debug|Any CPU
		{886FD4CE-24E3-4C37-92FD-4E807CB68A15}.Debug|x86.ActiveCfg = Debug|Any CPU
		{886FD4CE-24E3-4C37-92FD-4E807CB68A15}.Debug|x86.Build.0 = Debug|Any CPU
		{886FD4CE-24E3-4C37-92FD-4E807CB68A15}.Release|Any CPU.ActiveCfg = Release|Any CPU
		{886FD4CE-24E3-4C37-92FD-4E807CB68A15}.Release|Any CPU.Build.0 = Release|Any CPU
		{886FD4CE-24E3-4C37-92FD-4E807CB68A15}.Release|x64.ActiveCfg = Release|Any CPU
		{886FD4CE-24E3-4C37-92FD-4E807CB68A15}.Release|x64.Build.0 = Release|Any CPU
		{886FD4CE-24E3-4C37-92FD-4E807CB68A15}.Release|x86.ActiveCfg = Release|Any CPU
		{886FD4CE-24E3-4C37-92FD-4E807CB68A15}.Release|x86.Build.0 = Release|Any CPU
		{5D06C0C9-CE55-4E04-89AB-3C9C1C807E19}.Debug|Any CPU.ActiveCfg = Debug|Any CPU
		{5D06C0C9-CE55-4E04-89AB-3C9C1C807E19}.Debug|Any CPU.Build.0 = Debug|Any CPU
		{5D06C0C9-CE55-4E04-89AB-3C9C1C807E19}.Debug|x64.ActiveCfg = Debug|Any CPU
		{5D06C0C9-CE55-4E04-89AB-3C9C1C807E19}.Debug|x64.Build.0 = Debug|Any CPU
		{5D06C0C9-CE55-4E04-89AB-3C9C1C807E19}.Debug|x86.ActiveCfg = Debug|Any CPU
		{5D06C0C9-CE55-4E04-89AB-3C9C1C807E19}.Debug|x86.Build.0 = Debug|Any CPU
		{5D06C0C9-CE55-4E04-89AB-3C9C1C807E19}.Release|Any CPU.ActiveCfg = Release|Any CPU
		{5D06C0C9-CE55-4E04-89AB-3C9C1C807E19}.Release|Any CPU.Build.0 = Release|Any CPU
		{5D06C0C9-CE55-4E04-89AB-3C9C1C807E19}.Release|x64.ActiveCfg = Release|Any CPU
		{5D06C0C9-CE55-4E04-89AB-3C9C1C807E19}.Release|x64.Build.0 = Release|Any CPU
		{5D06C0C9-CE55-4E04-89AB-3C9C1C807E19}.Release|x86.ActiveCfg = Release|Any CPU
		{5D06C0C9-CE55-4E04-89AB-3C9C1C807E19}.Release|x86.Build.0 = Release|Any CPU
		{295102B5-0F98-4617-8D49-0E54DBEFD5CE}.Debug|Any CPU.ActiveCfg = Debug|Any CPU
		{295102B5-0F98-4617-8D49-0E54DBEFD5CE}.Debug|Any CPU.Build.0 = Debug|Any CPU
		{295102B5-0F98-4617-8D49-0E54DBEFD5CE}.Debug|x64.ActiveCfg = Debug|Any CPU
		{295102B5-0F98-4617-8D49-0E54DBEFD5CE}.Debug|x64.Build.0 = Debug|Any CPU
		{295102B5-0F98-4617-8D49-0E54DBEFD5CE}.Debug|x86.ActiveCfg = Debug|Any CPU
		{295102B5-0F98-4617-8D49-0E54DBEFD5CE}.Debug|x86.Build.0 = Debug|Any CPU
		{295102B5-0F98-4617-8D49-0E54DBEFD5CE}.Release|Any CPU.ActiveCfg = Release|Any CPU
		{295102B5-0F98-4617-8D49-0E54DBEFD5CE}.Release|Any CPU.Build.0 = Release|Any CPU
		{295102B5-0F98-4617-8D49-0E54DBEFD5CE}.Release|x64.ActiveCfg = Release|Any CPU
		{295102B5-0F98-4617-8D49-0E54DBEFD5CE}.Release|x64.Build.0 = Release|Any CPU
		{295102B5-0F98-4617-8D49-0E54DBEFD5CE}.Release|x86.ActiveCfg = Release|Any CPU
		{295102B5-0F98-4617-8D49-0E54DBEFD5CE}.Release|x86.Build.0 = Release|Any CPU
		{5D2F01BE-DFEB-4DA1-99A3-99097E30E92B}.Debug|Any CPU.ActiveCfg = Debug|Any CPU
		{5D2F01BE-DFEB-4DA1-99A3-99097E30E92B}.Debug|Any CPU.Build.0 = Debug|Any CPU
		{5D2F01BE-DFEB-4DA1-99A3-99097E30E92B}.Debug|x64.ActiveCfg = Debug|Any CPU
		{5D2F01BE-DFEB-4DA1-99A3-99097E30E92B}.Debug|x64.Build.0 = Debug|Any CPU
		{5D2F01BE-DFEB-4DA1-99A3-99097E30E92B}.Debug|x86.ActiveCfg = Debug|Any CPU
		{5D2F01BE-DFEB-4DA1-99A3-99097E30E92B}.Debug|x86.Build.0 = Debug|Any CPU
		{5D2F01BE-DFEB-4DA1-99A3-99097E30E92B}.Release|Any CPU.ActiveCfg = Release|Any CPU
		{5D2F01BE-DFEB-4DA1-99A3-99097E30E92B}.Release|Any CPU.Build.0 = Release|Any CPU
		{5D2F01BE-DFEB-4DA1-99A3-99097E30E92B}.Release|x64.ActiveCfg = Release|Any CPU
		{5D2F01BE-DFEB-4DA1-99A3-99097E30E92B}.Release|x64.Build.0 = Release|Any CPU
		{5D2F01BE-DFEB-4DA1-99A3-99097E30E92B}.Release|x86.ActiveCfg = Release|Any CPU
		{5D2F01BE-DFEB-4DA1-99A3-99097E30E92B}.Release|x86.Build.0 = Release|Any CPU
		{48DFA6E3-C8D8-4AE1-8078-2697EB1B45C1}.Debug|Any CPU.ActiveCfg = Debug|Any CPU
		{48DFA6E3-C8D8-4AE1-8078-2697EB1B45C1}.Debug|Any CPU.Build.0 = Debug|Any CPU
		{48DFA6E3-C8D8-4AE1-8078-2697EB1B45C1}.Debug|x64.ActiveCfg = Debug|Any CPU
		{48DFA6E3-C8D8-4AE1-8078-2697EB1B45C1}.Debug|x64.Build.0 = Debug|Any CPU
		{48DFA6E3-C8D8-4AE1-8078-2697EB1B45C1}.Debug|x86.ActiveCfg = Debug|Any CPU
		{48DFA6E3-C8D8-4AE1-8078-2697EB1B45C1}.Debug|x86.Build.0 = Debug|Any CPU
		{48DFA6E3-C8D8-4AE1-8078-2697EB1B45C1}.Release|Any CPU.ActiveCfg = Release|Any CPU
		{48DFA6E3-C8D8-4AE1-8078-2697EB1B45C1}.Release|Any CPU.Build.0 = Release|Any CPU
		{48DFA6E3-C8D8-4AE1-8078-2697EB1B45C1}.Release|x64.ActiveCfg = Release|Any CPU
		{48DFA6E3-C8D8-4AE1-8078-2697EB1B45C1}.Release|x64.Build.0 = Release|Any CPU
		{48DFA6E3-C8D8-4AE1-8078-2697EB1B45C1}.Release|x86.ActiveCfg = Release|Any CPU
		{48DFA6E3-C8D8-4AE1-8078-2697EB1B45C1}.Release|x86.Build.0 = Release|Any CPU
		{95F7DD3B-9796-4E99-B88D-0519DC428F22}.Debug|Any CPU.ActiveCfg = Debug|Any CPU
		{95F7DD3B-9796-4E99-B88D-0519DC428F22}.Debug|Any CPU.Build.0 = Debug|Any CPU
		{95F7DD3B-9796-4E99-B88D-0519DC428F22}.Debug|x64.ActiveCfg = Debug|Any CPU
		{95F7DD3B-9796-4E99-B88D-0519DC428F22}.Debug|x64.Build.0 = Debug|Any CPU
		{95F7DD3B-9796-4E99-B88D-0519DC428F22}.Debug|x86.ActiveCfg = Debug|Any CPU
		{95F7DD3B-9796-4E99-B88D-0519DC428F22}.Debug|x86.Build.0 = Debug|Any CPU
		{95F7DD3B-9796-4E99-B88D-0519DC428F22}.Release|Any CPU.ActiveCfg = Release|Any CPU
		{95F7DD3B-9796-4E99-B88D-0519DC428F22}.Release|Any CPU.Build.0 = Release|Any CPU
		{95F7DD3B-9796-4E99-B88D-0519DC428F22}.Release|x64.ActiveCfg = Release|Any CPU
		{95F7DD3B-9796-4E99-B88D-0519DC428F22}.Release|x64.Build.0 = Release|Any CPU
		{95F7DD3B-9796-4E99-B88D-0519DC428F22}.Release|x86.ActiveCfg = Release|Any CPU
		{95F7DD3B-9796-4E99-B88D-0519DC428F22}.Release|x86.Build.0 = Release|Any CPU
		{050A764C-58DC-491B-8D21-037B395F5A42}.Debug|Any CPU.ActiveCfg = Debug|Any CPU
		{050A764C-58DC-491B-8D21-037B395F5A42}.Debug|Any CPU.Build.0 = Debug|Any CPU
		{050A764C-58DC-491B-8D21-037B395F5A42}.Debug|x64.ActiveCfg = Debug|Any CPU
		{050A764C-58DC-491B-8D21-037B395F5A42}.Debug|x64.Build.0 = Debug|Any CPU
		{050A764C-58DC-491B-8D21-037B395F5A42}.Debug|x86.ActiveCfg = Debug|Any CPU
		{050A764C-58DC-491B-8D21-037B395F5A42}.Debug|x86.Build.0 = Debug|Any CPU
		{050A764C-58DC-491B-8D21-037B395F5A42}.Release|Any CPU.ActiveCfg = Release|Any CPU
		{050A764C-58DC-491B-8D21-037B395F5A42}.Release|Any CPU.Build.0 = Release|Any CPU
		{050A764C-58DC-491B-8D21-037B395F5A42}.Release|x64.ActiveCfg = Release|Any CPU
		{050A764C-58DC-491B-8D21-037B395F5A42}.Release|x64.Build.0 = Release|Any CPU
		{050A764C-58DC-491B-8D21-037B395F5A42}.Release|x86.ActiveCfg = Release|Any CPU
		{050A764C-58DC-491B-8D21-037B395F5A42}.Release|x86.Build.0 = Release|Any CPU
		{81A23331-1683-4157-9363-904C07ABC733}.Debug|Any CPU.ActiveCfg = Debug|Any CPU
		{81A23331-1683-4157-9363-904C07ABC733}.Debug|Any CPU.Build.0 = Debug|Any CPU
		{81A23331-1683-4157-9363-904C07ABC733}.Debug|x64.ActiveCfg = Debug|Any CPU
		{81A23331-1683-4157-9363-904C07ABC733}.Debug|x64.Build.0 = Debug|Any CPU
		{81A23331-1683-4157-9363-904C07ABC733}.Debug|x86.ActiveCfg = Debug|Any CPU
		{81A23331-1683-4157-9363-904C07ABC733}.Debug|x86.Build.0 = Debug|Any CPU
		{81A23331-1683-4157-9363-904C07ABC733}.Release|Any CPU.ActiveCfg = Release|Any CPU
		{81A23331-1683-4157-9363-904C07ABC733}.Release|Any CPU.Build.0 = Release|Any CPU
		{81A23331-1683-4157-9363-904C07ABC733}.Release|x64.ActiveCfg = Release|Any CPU
		{81A23331-1683-4157-9363-904C07ABC733}.Release|x64.Build.0 = Release|Any CPU
		{81A23331-1683-4157-9363-904C07ABC733}.Release|x86.ActiveCfg = Release|Any CPU
		{81A23331-1683-4157-9363-904C07ABC733}.Release|x86.Build.0 = Release|Any CPU
		{58E68DEA-A416-4559-8201-390CE56FB1E9}.Debug|Any CPU.ActiveCfg = Debug|Any CPU
		{58E68DEA-A416-4559-8201-390CE56FB1E9}.Debug|Any CPU.Build.0 = Debug|Any CPU
		{58E68DEA-A416-4559-8201-390CE56FB1E9}.Debug|x64.ActiveCfg = Debug|Any CPU
		{58E68DEA-A416-4559-8201-390CE56FB1E9}.Debug|x64.Build.0 = Debug|Any CPU
		{58E68DEA-A416-4559-8201-390CE56FB1E9}.Debug|x86.ActiveCfg = Debug|Any CPU
		{58E68DEA-A416-4559-8201-390CE56FB1E9}.Debug|x86.Build.0 = Debug|Any CPU
		{58E68DEA-A416-4559-8201-390CE56FB1E9}.Release|Any CPU.ActiveCfg = Release|Any CPU
		{58E68DEA-A416-4559-8201-390CE56FB1E9}.Release|Any CPU.Build.0 = Release|Any CPU
		{58E68DEA-A416-4559-8201-390CE56FB1E9}.Release|x64.ActiveCfg = Release|Any CPU
		{58E68DEA-A416-4559-8201-390CE56FB1E9}.Release|x64.Build.0 = Release|Any CPU
		{58E68DEA-A416-4559-8201-390CE56FB1E9}.Release|x86.ActiveCfg = Release|Any CPU
		{58E68DEA-A416-4559-8201-390CE56FB1E9}.Release|x86.Build.0 = Release|Any CPU
		{6D26CAE0-2E90-42BC-9523-58A47E5D512E}.Debug|Any CPU.ActiveCfg = Debug|Any CPU
		{6D26CAE0-2E90-42BC-9523-58A47E5D512E}.Debug|Any CPU.Build.0 = Debug|Any CPU
		{6D26CAE0-2E90-42BC-9523-58A47E5D512E}.Debug|x64.ActiveCfg = Debug|Any CPU
		{6D26CAE0-2E90-42BC-9523-58A47E5D512E}.Debug|x64.Build.0 = Debug|Any CPU
		{6D26CAE0-2E90-42BC-9523-58A47E5D512E}.Debug|x86.ActiveCfg = Debug|Any CPU
		{6D26CAE0-2E90-42BC-9523-58A47E5D512E}.Debug|x86.Build.0 = Debug|Any CPU
		{6D26CAE0-2E90-42BC-9523-58A47E5D512E}.Release|Any CPU.ActiveCfg = Release|Any CPU
		{6D26CAE0-2E90-42BC-9523-58A47E5D512E}.Release|Any CPU.Build.0 = Release|Any CPU
		{6D26CAE0-2E90-42BC-9523-58A47E5D512E}.Release|x64.ActiveCfg = Release|Any CPU
		{6D26CAE0-2E90-42BC-9523-58A47E5D512E}.Release|x64.Build.0 = Release|Any CPU
		{6D26CAE0-2E90-42BC-9523-58A47E5D512E}.Release|x86.ActiveCfg = Release|Any CPU
		{6D26CAE0-2E90-42BC-9523-58A47E5D512E}.Release|x86.Build.0 = Release|Any CPU
		{C1183B91-498F-45D5-B032-E6700AEAD699}.Debug|Any CPU.ActiveCfg = Debug|Any CPU
		{C1183B91-498F-45D5-B032-E6700AEAD699}.Debug|Any CPU.Build.0 = Debug|Any CPU
		{C1183B91-498F-45D5-B032-E6700AEAD699}.Debug|x64.ActiveCfg = Debug|Any CPU
		{C1183B91-498F-45D5-B032-E6700AEAD699}.Debug|x64.Build.0 = Debug|Any CPU
		{C1183B91-498F-45D5-B032-E6700AEAD699}.Debug|x86.ActiveCfg = Debug|Any CPU
		{C1183B91-498F-45D5-B032-E6700AEAD699}.Debug|x86.Build.0 = Debug|Any CPU
		{C1183B91-498F-45D5-B032-E6700AEAD699}.Release|Any CPU.ActiveCfg = Release|Any CPU
		{C1183B91-498F-45D5-B032-E6700AEAD699}.Release|Any CPU.Build.0 = Release|Any CPU
		{C1183B91-498F-45D5-B032-E6700AEAD699}.Release|x64.ActiveCfg = Release|Any CPU
		{C1183B91-498F-45D5-B032-E6700AEAD699}.Release|x64.Build.0 = Release|Any CPU
		{C1183B91-498F-45D5-B032-E6700AEAD699}.Release|x86.ActiveCfg = Release|Any CPU
		{C1183B91-498F-45D5-B032-E6700AEAD699}.Release|x86.Build.0 = Release|Any CPU
		{9D9C4D60-854B-4737-B311-D1207321EFFB}.Debug|Any CPU.ActiveCfg = Debug|Any CPU
		{9D9C4D60-854B-4737-B311-D1207321EFFB}.Debug|Any CPU.Build.0 = Debug|Any CPU
		{9D9C4D60-854B-4737-B311-D1207321EFFB}.Debug|x64.ActiveCfg = Debug|Any CPU
		{9D9C4D60-854B-4737-B311-D1207321EFFB}.Debug|x64.Build.0 = Debug|Any CPU
		{9D9C4D60-854B-4737-B311-D1207321EFFB}.Debug|x86.ActiveCfg = Debug|Any CPU
		{9D9C4D60-854B-4737-B311-D1207321EFFB}.Debug|x86.Build.0 = Debug|Any CPU
		{9D9C4D60-854B-4737-B311-D1207321EFFB}.Release|Any CPU.ActiveCfg = Release|Any CPU
		{9D9C4D60-854B-4737-B311-D1207321EFFB}.Release|Any CPU.Build.0 = Release|Any CPU
		{9D9C4D60-854B-4737-B311-D1207321EFFB}.Release|x64.ActiveCfg = Release|Any CPU
		{9D9C4D60-854B-4737-B311-D1207321EFFB}.Release|x64.Build.0 = Release|Any CPU
		{9D9C4D60-854B-4737-B311-D1207321EFFB}.Release|x86.ActiveCfg = Release|Any CPU
		{9D9C4D60-854B-4737-B311-D1207321EFFB}.Release|x86.Build.0 = Release|Any CPU
		{A1104D01-CDB9-43D6-B021-948FB66AB369}.Debug|Any CPU.ActiveCfg = Debug|Any CPU
		{A1104D01-CDB9-43D6-B021-948FB66AB369}.Debug|Any CPU.Build.0 = Debug|Any CPU
		{A1104D01-CDB9-43D6-B021-948FB66AB369}.Debug|x64.ActiveCfg = Debug|Any CPU
		{A1104D01-CDB9-43D6-B021-948FB66AB369}.Debug|x64.Build.0 = Debug|Any CPU
		{A1104D01-CDB9-43D6-B021-948FB66AB369}.Debug|x86.ActiveCfg = Debug|Any CPU
		{A1104D01-CDB9-43D6-B021-948FB66AB369}.Debug|x86.Build.0 = Debug|Any CPU
		{A1104D01-CDB9-43D6-B021-948FB66AB369}.Release|Any CPU.ActiveCfg = Release|Any CPU
		{A1104D01-CDB9-43D6-B021-948FB66AB369}.Release|Any CPU.Build.0 = Release|Any CPU
		{A1104D01-CDB9-43D6-B021-948FB66AB369}.Release|x64.ActiveCfg = Release|Any CPU
		{A1104D01-CDB9-43D6-B021-948FB66AB369}.Release|x64.Build.0 = Release|Any CPU
		{A1104D01-CDB9-43D6-B021-948FB66AB369}.Release|x86.ActiveCfg = Release|Any CPU
		{A1104D01-CDB9-43D6-B021-948FB66AB369}.Release|x86.Build.0 = Release|Any CPU
		{0BA1EDC1-2B8E-49CD-877A-31BE0D0E6BBE}.Debug|Any CPU.ActiveCfg = Debug|Any CPU
		{0BA1EDC1-2B8E-49CD-877A-31BE0D0E6BBE}.Debug|Any CPU.Build.0 = Debug|Any CPU
		{0BA1EDC1-2B8E-49CD-877A-31BE0D0E6BBE}.Debug|x64.ActiveCfg = Debug|Any CPU
		{0BA1EDC1-2B8E-49CD-877A-31BE0D0E6BBE}.Debug|x64.Build.0 = Debug|Any CPU
		{0BA1EDC1-2B8E-49CD-877A-31BE0D0E6BBE}.Debug|x86.ActiveCfg = Debug|Any CPU
		{0BA1EDC1-2B8E-49CD-877A-31BE0D0E6BBE}.Debug|x86.Build.0 = Debug|Any CPU
		{0BA1EDC1-2B8E-49CD-877A-31BE0D0E6BBE}.Release|Any CPU.ActiveCfg = Release|Any CPU
		{0BA1EDC1-2B8E-49CD-877A-31BE0D0E6BBE}.Release|Any CPU.Build.0 = Release|Any CPU
		{0BA1EDC1-2B8E-49CD-877A-31BE0D0E6BBE}.Release|x64.ActiveCfg = Release|Any CPU
		{0BA1EDC1-2B8E-49CD-877A-31BE0D0E6BBE}.Release|x64.Build.0 = Release|Any CPU
		{0BA1EDC1-2B8E-49CD-877A-31BE0D0E6BBE}.Release|x86.ActiveCfg = Release|Any CPU
		{0BA1EDC1-2B8E-49CD-877A-31BE0D0E6BBE}.Release|x86.Build.0 = Release|Any CPU
		{D0B619C9-B4EF-43BA-AA52-86404A2B053F}.Debug|Any CPU.ActiveCfg = Debug|Any CPU
		{D0B619C9-B4EF-43BA-AA52-86404A2B053F}.Debug|Any CPU.Build.0 = Debug|Any CPU
		{D0B619C9-B4EF-43BA-AA52-86404A2B053F}.Debug|x64.ActiveCfg = Debug|Any CPU
		{D0B619C9-B4EF-43BA-AA52-86404A2B053F}.Debug|x64.Build.0 = Debug|Any CPU
		{D0B619C9-B4EF-43BA-AA52-86404A2B053F}.Debug|x86.ActiveCfg = Debug|Any CPU
		{D0B619C9-B4EF-43BA-AA52-86404A2B053F}.Debug|x86.Build.0 = Debug|Any CPU
		{D0B619C9-B4EF-43BA-AA52-86404A2B053F}.Release|Any CPU.ActiveCfg = Release|Any CPU
		{D0B619C9-B4EF-43BA-AA52-86404A2B053F}.Release|Any CPU.Build.0 = Release|Any CPU
		{D0B619C9-B4EF-43BA-AA52-86404A2B053F}.Release|x64.ActiveCfg = Release|Any CPU
		{D0B619C9-B4EF-43BA-AA52-86404A2B053F}.Release|x64.Build.0 = Release|Any CPU
		{D0B619C9-B4EF-43BA-AA52-86404A2B053F}.Release|x86.ActiveCfg = Release|Any CPU
		{D0B619C9-B4EF-43BA-AA52-86404A2B053F}.Release|x86.Build.0 = Release|Any CPU
		{5ADD8171-E7DF-4B9E-918D-8B42B5AAB46D}.Debug|Any CPU.ActiveCfg = Debug|Any CPU
		{5ADD8171-E7DF-4B9E-918D-8B42B5AAB46D}.Debug|Any CPU.Build.0 = Debug|Any CPU
		{5ADD8171-E7DF-4B9E-918D-8B42B5AAB46D}.Debug|x64.ActiveCfg = Debug|Any CPU
		{5ADD8171-E7DF-4B9E-918D-8B42B5AAB46D}.Debug|x64.Build.0 = Debug|Any CPU
		{5ADD8171-E7DF-4B9E-918D-8B42B5AAB46D}.Debug|x86.ActiveCfg = Debug|Any CPU
		{5ADD8171-E7DF-4B9E-918D-8B42B5AAB46D}.Debug|x86.Build.0 = Debug|Any CPU
		{5ADD8171-E7DF-4B9E-918D-8B42B5AAB46D}.Release|Any CPU.ActiveCfg = Release|Any CPU
		{5ADD8171-E7DF-4B9E-918D-8B42B5AAB46D}.Release|Any CPU.Build.0 = Release|Any CPU
		{5ADD8171-E7DF-4B9E-918D-8B42B5AAB46D}.Release|x64.ActiveCfg = Release|Any CPU
		{5ADD8171-E7DF-4B9E-918D-8B42B5AAB46D}.Release|x64.Build.0 = Release|Any CPU
		{5ADD8171-E7DF-4B9E-918D-8B42B5AAB46D}.Release|x86.ActiveCfg = Release|Any CPU
		{5ADD8171-E7DF-4B9E-918D-8B42B5AAB46D}.Release|x86.Build.0 = Release|Any CPU
		{619C3C6E-0F20-4E96-BCFF-ECAA99FDB2E0}.Debug|Any CPU.ActiveCfg = Debug|Any CPU
		{619C3C6E-0F20-4E96-BCFF-ECAA99FDB2E0}.Debug|Any CPU.Build.0 = Debug|Any CPU
		{619C3C6E-0F20-4E96-BCFF-ECAA99FDB2E0}.Debug|x64.ActiveCfg = Debug|Any CPU
		{619C3C6E-0F20-4E96-BCFF-ECAA99FDB2E0}.Debug|x64.Build.0 = Debug|Any CPU
		{619C3C6E-0F20-4E96-BCFF-ECAA99FDB2E0}.Debug|x86.ActiveCfg = Debug|Any CPU
		{619C3C6E-0F20-4E96-BCFF-ECAA99FDB2E0}.Debug|x86.Build.0 = Debug|Any CPU
		{619C3C6E-0F20-4E96-BCFF-ECAA99FDB2E0}.Release|Any CPU.ActiveCfg = Release|Any CPU
		{619C3C6E-0F20-4E96-BCFF-ECAA99FDB2E0}.Release|Any CPU.Build.0 = Release|Any CPU
		{619C3C6E-0F20-4E96-BCFF-ECAA99FDB2E0}.Release|x64.ActiveCfg = Release|Any CPU
		{619C3C6E-0F20-4E96-BCFF-ECAA99FDB2E0}.Release|x64.Build.0 = Release|Any CPU
		{619C3C6E-0F20-4E96-BCFF-ECAA99FDB2E0}.Release|x86.ActiveCfg = Release|Any CPU
		{619C3C6E-0F20-4E96-BCFF-ECAA99FDB2E0}.Release|x86.Build.0 = Release|Any CPU
		{2028831E-BF46-42D0-B6A8-914C8B2C9900}.Debug|Any CPU.ActiveCfg = Debug|Any CPU
		{2028831E-BF46-42D0-B6A8-914C8B2C9900}.Debug|Any CPU.Build.0 = Debug|Any CPU
		{2028831E-BF46-42D0-B6A8-914C8B2C9900}.Debug|x64.ActiveCfg = Debug|Any CPU
		{2028831E-BF46-42D0-B6A8-914C8B2C9900}.Debug|x64.Build.0 = Debug|Any CPU
		{2028831E-BF46-42D0-B6A8-914C8B2C9900}.Debug|x86.ActiveCfg = Debug|Any CPU
		{2028831E-BF46-42D0-B6A8-914C8B2C9900}.Debug|x86.Build.0 = Debug|Any CPU
		{2028831E-BF46-42D0-B6A8-914C8B2C9900}.Release|Any CPU.ActiveCfg = Release|Any CPU
		{2028831E-BF46-42D0-B6A8-914C8B2C9900}.Release|Any CPU.Build.0 = Release|Any CPU
		{2028831E-BF46-42D0-B6A8-914C8B2C9900}.Release|x64.ActiveCfg = Release|Any CPU
		{2028831E-BF46-42D0-B6A8-914C8B2C9900}.Release|x64.Build.0 = Release|Any CPU
		{2028831E-BF46-42D0-B6A8-914C8B2C9900}.Release|x86.ActiveCfg = Release|Any CPU
		{2028831E-BF46-42D0-B6A8-914C8B2C9900}.Release|x86.Build.0 = Release|Any CPU
		{58E95ED8-9EFA-4154-B364-992A8B227194}.Debug|Any CPU.ActiveCfg = Debug|Any CPU
		{58E95ED8-9EFA-4154-B364-992A8B227194}.Debug|Any CPU.Build.0 = Debug|Any CPU
		{58E95ED8-9EFA-4154-B364-992A8B227194}.Debug|x64.ActiveCfg = Debug|Any CPU
		{58E95ED8-9EFA-4154-B364-992A8B227194}.Debug|x64.Build.0 = Debug|Any CPU
		{58E95ED8-9EFA-4154-B364-992A8B227194}.Debug|x86.ActiveCfg = Debug|Any CPU
		{58E95ED8-9EFA-4154-B364-992A8B227194}.Debug|x86.Build.0 = Debug|Any CPU
		{58E95ED8-9EFA-4154-B364-992A8B227194}.Release|Any CPU.ActiveCfg = Release|Any CPU
		{58E95ED8-9EFA-4154-B364-992A8B227194}.Release|Any CPU.Build.0 = Release|Any CPU
		{58E95ED8-9EFA-4154-B364-992A8B227194}.Release|x64.ActiveCfg = Release|Any CPU
		{58E95ED8-9EFA-4154-B364-992A8B227194}.Release|x64.Build.0 = Release|Any CPU
		{58E95ED8-9EFA-4154-B364-992A8B227194}.Release|x86.ActiveCfg = Release|Any CPU
		{58E95ED8-9EFA-4154-B364-992A8B227194}.Release|x86.Build.0 = Release|Any CPU
		{96054AFD-595A-446B-A0B7-2B9BC6D53552}.Debug|Any CPU.ActiveCfg = Debug|Any CPU
		{96054AFD-595A-446B-A0B7-2B9BC6D53552}.Debug|Any CPU.Build.0 = Debug|Any CPU
		{96054AFD-595A-446B-A0B7-2B9BC6D53552}.Debug|x64.ActiveCfg = Debug|Any CPU
		{96054AFD-595A-446B-A0B7-2B9BC6D53552}.Debug|x64.Build.0 = Debug|Any CPU
		{96054AFD-595A-446B-A0B7-2B9BC6D53552}.Debug|x86.ActiveCfg = Debug|Any CPU
		{96054AFD-595A-446B-A0B7-2B9BC6D53552}.Debug|x86.Build.0 = Debug|Any CPU
		{96054AFD-595A-446B-A0B7-2B9BC6D53552}.Release|Any CPU.ActiveCfg = Release|Any CPU
		{96054AFD-595A-446B-A0B7-2B9BC6D53552}.Release|Any CPU.Build.0 = Release|Any CPU
		{96054AFD-595A-446B-A0B7-2B9BC6D53552}.Release|x64.ActiveCfg = Release|Any CPU
		{96054AFD-595A-446B-A0B7-2B9BC6D53552}.Release|x64.Build.0 = Release|Any CPU
		{96054AFD-595A-446B-A0B7-2B9BC6D53552}.Release|x86.ActiveCfg = Release|Any CPU
		{96054AFD-595A-446B-A0B7-2B9BC6D53552}.Release|x86.Build.0 = Release|Any CPU
		{DF0D0F20-06C4-4F50-B04D-49C2FE329F2F}.Debug|Any CPU.ActiveCfg = Debug|Any CPU
		{DF0D0F20-06C4-4F50-B04D-49C2FE329F2F}.Debug|Any CPU.Build.0 = Debug|Any CPU
		{DF0D0F20-06C4-4F50-B04D-49C2FE329F2F}.Debug|x64.ActiveCfg = Debug|Any CPU
		{DF0D0F20-06C4-4F50-B04D-49C2FE329F2F}.Debug|x64.Build.0 = Debug|Any CPU
		{DF0D0F20-06C4-4F50-B04D-49C2FE329F2F}.Debug|x86.ActiveCfg = Debug|Any CPU
		{DF0D0F20-06C4-4F50-B04D-49C2FE329F2F}.Debug|x86.Build.0 = Debug|Any CPU
		{DF0D0F20-06C4-4F50-B04D-49C2FE329F2F}.Release|Any CPU.ActiveCfg = Release|Any CPU
		{DF0D0F20-06C4-4F50-B04D-49C2FE329F2F}.Release|Any CPU.Build.0 = Release|Any CPU
		{DF0D0F20-06C4-4F50-B04D-49C2FE329F2F}.Release|x64.ActiveCfg = Release|Any CPU
		{DF0D0F20-06C4-4F50-B04D-49C2FE329F2F}.Release|x64.Build.0 = Release|Any CPU
		{DF0D0F20-06C4-4F50-B04D-49C2FE329F2F}.Release|x86.ActiveCfg = Release|Any CPU
		{DF0D0F20-06C4-4F50-B04D-49C2FE329F2F}.Release|x86.Build.0 = Release|Any CPU
		{284FBC12-BFBD-43B3-AFF9-FDD8E28CD40E}.Debug|Any CPU.ActiveCfg = Debug|Any CPU
		{284FBC12-BFBD-43B3-AFF9-FDD8E28CD40E}.Debug|Any CPU.Build.0 = Debug|Any CPU
		{284FBC12-BFBD-43B3-AFF9-FDD8E28CD40E}.Debug|x64.ActiveCfg = Debug|Any CPU
		{284FBC12-BFBD-43B3-AFF9-FDD8E28CD40E}.Debug|x64.Build.0 = Debug|Any CPU
		{284FBC12-BFBD-43B3-AFF9-FDD8E28CD40E}.Debug|x86.ActiveCfg = Debug|Any CPU
		{284FBC12-BFBD-43B3-AFF9-FDD8E28CD40E}.Debug|x86.Build.0 = Debug|Any CPU
		{284FBC12-BFBD-43B3-AFF9-FDD8E28CD40E}.Release|Any CPU.ActiveCfg = Release|Any CPU
		{284FBC12-BFBD-43B3-AFF9-FDD8E28CD40E}.Release|Any CPU.Build.0 = Release|Any CPU
		{284FBC12-BFBD-43B3-AFF9-FDD8E28CD40E}.Release|x64.ActiveCfg = Release|Any CPU
		{284FBC12-BFBD-43B3-AFF9-FDD8E28CD40E}.Release|x64.Build.0 = Release|Any CPU
		{284FBC12-BFBD-43B3-AFF9-FDD8E28CD40E}.Release|x86.ActiveCfg = Release|Any CPU
		{284FBC12-BFBD-43B3-AFF9-FDD8E28CD40E}.Release|x86.Build.0 = Release|Any CPU
		{6D0114BB-B083-46BA-9ACB-4CB2AE90378A}.Debug|Any CPU.ActiveCfg = Debug|Any CPU
		{6D0114BB-B083-46BA-9ACB-4CB2AE90378A}.Debug|Any CPU.Build.0 = Debug|Any CPU
		{6D0114BB-B083-46BA-9ACB-4CB2AE90378A}.Debug|x64.ActiveCfg = Debug|Any CPU
		{6D0114BB-B083-46BA-9ACB-4CB2AE90378A}.Debug|x64.Build.0 = Debug|Any CPU
		{6D0114BB-B083-46BA-9ACB-4CB2AE90378A}.Debug|x86.ActiveCfg = Debug|Any CPU
		{6D0114BB-B083-46BA-9ACB-4CB2AE90378A}.Debug|x86.Build.0 = Debug|Any CPU
		{6D0114BB-B083-46BA-9ACB-4CB2AE90378A}.Release|Any CPU.ActiveCfg = Release|Any CPU
		{6D0114BB-B083-46BA-9ACB-4CB2AE90378A}.Release|Any CPU.Build.0 = Release|Any CPU
		{6D0114BB-B083-46BA-9ACB-4CB2AE90378A}.Release|x64.ActiveCfg = Release|Any CPU
		{6D0114BB-B083-46BA-9ACB-4CB2AE90378A}.Release|x64.Build.0 = Release|Any CPU
		{6D0114BB-B083-46BA-9ACB-4CB2AE90378A}.Release|x86.ActiveCfg = Release|Any CPU
		{6D0114BB-B083-46BA-9ACB-4CB2AE90378A}.Release|x86.Build.0 = Release|Any CPU
		{99F4706D-366D-4F74-80A0-F7521E4C91EE}.Debug|Any CPU.ActiveCfg = Debug|Any CPU
		{99F4706D-366D-4F74-80A0-F7521E4C91EE}.Debug|Any CPU.Build.0 = Debug|Any CPU
		{99F4706D-366D-4F74-80A0-F7521E4C91EE}.Debug|x64.ActiveCfg = Debug|Any CPU
		{99F4706D-366D-4F74-80A0-F7521E4C91EE}.Debug|x64.Build.0 = Debug|Any CPU
		{99F4706D-366D-4F74-80A0-F7521E4C91EE}.Debug|x86.ActiveCfg = Debug|Any CPU
		{99F4706D-366D-4F74-80A0-F7521E4C91EE}.Debug|x86.Build.0 = Debug|Any CPU
		{99F4706D-366D-4F74-80A0-F7521E4C91EE}.Release|Any CPU.ActiveCfg = Release|Any CPU
		{99F4706D-366D-4F74-80A0-F7521E4C91EE}.Release|Any CPU.Build.0 = Release|Any CPU
		{99F4706D-366D-4F74-80A0-F7521E4C91EE}.Release|x64.ActiveCfg = Release|Any CPU
		{99F4706D-366D-4F74-80A0-F7521E4C91EE}.Release|x64.Build.0 = Release|Any CPU
		{99F4706D-366D-4F74-80A0-F7521E4C91EE}.Release|x86.ActiveCfg = Release|Any CPU
		{99F4706D-366D-4F74-80A0-F7521E4C91EE}.Release|x86.Build.0 = Release|Any CPU
		{FD5CA0B5-511F-4D68-A4AB-AE9082308B98}.Debug|Any CPU.ActiveCfg = Debug|Any CPU
		{FD5CA0B5-511F-4D68-A4AB-AE9082308B98}.Debug|Any CPU.Build.0 = Debug|Any CPU
		{FD5CA0B5-511F-4D68-A4AB-AE9082308B98}.Debug|x64.ActiveCfg = Debug|Any CPU
		{FD5CA0B5-511F-4D68-A4AB-AE9082308B98}.Debug|x64.Build.0 = Debug|Any CPU
		{FD5CA0B5-511F-4D68-A4AB-AE9082308B98}.Debug|x86.ActiveCfg = Debug|Any CPU
		{FD5CA0B5-511F-4D68-A4AB-AE9082308B98}.Debug|x86.Build.0 = Debug|Any CPU
		{FD5CA0B5-511F-4D68-A4AB-AE9082308B98}.Release|Any CPU.ActiveCfg = Release|Any CPU
		{FD5CA0B5-511F-4D68-A4AB-AE9082308B98}.Release|Any CPU.Build.0 = Release|Any CPU
		{FD5CA0B5-511F-4D68-A4AB-AE9082308B98}.Release|x64.ActiveCfg = Release|Any CPU
		{FD5CA0B5-511F-4D68-A4AB-AE9082308B98}.Release|x64.Build.0 = Release|Any CPU
		{FD5CA0B5-511F-4D68-A4AB-AE9082308B98}.Release|x86.ActiveCfg = Release|Any CPU
		{FD5CA0B5-511F-4D68-A4AB-AE9082308B98}.Release|x86.Build.0 = Release|Any CPU
		{35855E1A-BA1E-48C2-A62A-DE9F031D5BD5}.Debug|Any CPU.ActiveCfg = Debug|Any CPU
		{35855E1A-BA1E-48C2-A62A-DE9F031D5BD5}.Debug|Any CPU.Build.0 = Debug|Any CPU
		{35855E1A-BA1E-48C2-A62A-DE9F031D5BD5}.Debug|x64.ActiveCfg = Debug|Any CPU
		{35855E1A-BA1E-48C2-A62A-DE9F031D5BD5}.Debug|x64.Build.0 = Debug|Any CPU
		{35855E1A-BA1E-48C2-A62A-DE9F031D5BD5}.Debug|x86.ActiveCfg = Debug|Any CPU
		{35855E1A-BA1E-48C2-A62A-DE9F031D5BD5}.Debug|x86.Build.0 = Debug|Any CPU
		{35855E1A-BA1E-48C2-A62A-DE9F031D5BD5}.Release|Any CPU.ActiveCfg = Release|Any CPU
		{35855E1A-BA1E-48C2-A62A-DE9F031D5BD5}.Release|Any CPU.Build.0 = Release|Any CPU
		{35855E1A-BA1E-48C2-A62A-DE9F031D5BD5}.Release|x64.ActiveCfg = Release|Any CPU
		{35855E1A-BA1E-48C2-A62A-DE9F031D5BD5}.Release|x64.Build.0 = Release|Any CPU
		{35855E1A-BA1E-48C2-A62A-DE9F031D5BD5}.Release|x86.ActiveCfg = Release|Any CPU
		{35855E1A-BA1E-48C2-A62A-DE9F031D5BD5}.Release|x86.Build.0 = Release|Any CPU
		{33F5EF13-E5E0-4801-8EE5-6C4A660BE78D}.Debug|Any CPU.ActiveCfg = Debug|Any CPU
		{33F5EF13-E5E0-4801-8EE5-6C4A660BE78D}.Debug|Any CPU.Build.0 = Debug|Any CPU
		{33F5EF13-E5E0-4801-8EE5-6C4A660BE78D}.Debug|x64.ActiveCfg = Debug|Any CPU
		{33F5EF13-E5E0-4801-8EE5-6C4A660BE78D}.Debug|x64.Build.0 = Debug|Any CPU
		{33F5EF13-E5E0-4801-8EE5-6C4A660BE78D}.Debug|x86.ActiveCfg = Debug|Any CPU
		{33F5EF13-E5E0-4801-8EE5-6C4A660BE78D}.Debug|x86.Build.0 = Debug|Any CPU
		{33F5EF13-E5E0-4801-8EE5-6C4A660BE78D}.Release|Any CPU.ActiveCfg = Release|Any CPU
		{33F5EF13-E5E0-4801-8EE5-6C4A660BE78D}.Release|Any CPU.Build.0 = Release|Any CPU
		{33F5EF13-E5E0-4801-8EE5-6C4A660BE78D}.Release|x64.ActiveCfg = Release|Any CPU
		{33F5EF13-E5E0-4801-8EE5-6C4A660BE78D}.Release|x64.Build.0 = Release|Any CPU
		{33F5EF13-E5E0-4801-8EE5-6C4A660BE78D}.Release|x86.ActiveCfg = Release|Any CPU
		{33F5EF13-E5E0-4801-8EE5-6C4A660BE78D}.Release|x86.Build.0 = Release|Any CPU
		{EF9ABC5F-226A-43A9-BC40-6D18FBBE1241}.Debug|Any CPU.ActiveCfg = Debug|Any CPU
		{EF9ABC5F-226A-43A9-BC40-6D18FBBE1241}.Debug|Any CPU.Build.0 = Debug|Any CPU
		{EF9ABC5F-226A-43A9-BC40-6D18FBBE1241}.Debug|x64.ActiveCfg = Debug|Any CPU
		{EF9ABC5F-226A-43A9-BC40-6D18FBBE1241}.Debug|x64.Build.0 = Debug|Any CPU
		{EF9ABC5F-226A-43A9-BC40-6D18FBBE1241}.Debug|x86.ActiveCfg = Debug|Any CPU
		{EF9ABC5F-226A-43A9-BC40-6D18FBBE1241}.Debug|x86.Build.0 = Debug|Any CPU
		{EF9ABC5F-226A-43A9-BC40-6D18FBBE1241}.Release|Any CPU.ActiveCfg = Release|Any CPU
		{EF9ABC5F-226A-43A9-BC40-6D18FBBE1241}.Release|Any CPU.Build.0 = Release|Any CPU
		{EF9ABC5F-226A-43A9-BC40-6D18FBBE1241}.Release|x64.ActiveCfg = Release|Any CPU
		{EF9ABC5F-226A-43A9-BC40-6D18FBBE1241}.Release|x64.Build.0 = Release|Any CPU
		{EF9ABC5F-226A-43A9-BC40-6D18FBBE1241}.Release|x86.ActiveCfg = Release|Any CPU
		{EF9ABC5F-226A-43A9-BC40-6D18FBBE1241}.Release|x86.Build.0 = Release|Any CPU
		{B3A3A81F-A3CC-4D78-8D86-0D41636E2867}.Debug|Any CPU.ActiveCfg = Debug|Any CPU
		{B3A3A81F-A3CC-4D78-8D86-0D41636E2867}.Debug|Any CPU.Build.0 = Debug|Any CPU
		{B3A3A81F-A3CC-4D78-8D86-0D41636E2867}.Debug|x64.ActiveCfg = Debug|Any CPU
		{B3A3A81F-A3CC-4D78-8D86-0D41636E2867}.Debug|x64.Build.0 = Debug|Any CPU
		{B3A3A81F-A3CC-4D78-8D86-0D41636E2867}.Debug|x86.ActiveCfg = Debug|Any CPU
		{B3A3A81F-A3CC-4D78-8D86-0D41636E2867}.Debug|x86.Build.0 = Debug|Any CPU
		{B3A3A81F-A3CC-4D78-8D86-0D41636E2867}.Release|Any CPU.ActiveCfg = Release|Any CPU
		{B3A3A81F-A3CC-4D78-8D86-0D41636E2867}.Release|Any CPU.Build.0 = Release|Any CPU
		{B3A3A81F-A3CC-4D78-8D86-0D41636E2867}.Release|x64.ActiveCfg = Release|Any CPU
		{B3A3A81F-A3CC-4D78-8D86-0D41636E2867}.Release|x64.Build.0 = Release|Any CPU
		{B3A3A81F-A3CC-4D78-8D86-0D41636E2867}.Release|x86.ActiveCfg = Release|Any CPU
		{B3A3A81F-A3CC-4D78-8D86-0D41636E2867}.Release|x86.Build.0 = Release|Any CPU
		{F88A7A7E-3D38-4371-ACAF-FE5AF0765503}.Debug|Any CPU.ActiveCfg = Debug|Any CPU
		{F88A7A7E-3D38-4371-ACAF-FE5AF0765503}.Debug|Any CPU.Build.0 = Debug|Any CPU
		{F88A7A7E-3D38-4371-ACAF-FE5AF0765503}.Debug|x64.ActiveCfg = Debug|Any CPU
		{F88A7A7E-3D38-4371-ACAF-FE5AF0765503}.Debug|x64.Build.0 = Debug|Any CPU
		{F88A7A7E-3D38-4371-ACAF-FE5AF0765503}.Debug|x86.ActiveCfg = Debug|Any CPU
		{F88A7A7E-3D38-4371-ACAF-FE5AF0765503}.Debug|x86.Build.0 = Debug|Any CPU
		{F88A7A7E-3D38-4371-ACAF-FE5AF0765503}.Release|Any CPU.ActiveCfg = Release|Any CPU
		{F88A7A7E-3D38-4371-ACAF-FE5AF0765503}.Release|Any CPU.Build.0 = Release|Any CPU
		{F88A7A7E-3D38-4371-ACAF-FE5AF0765503}.Release|x64.ActiveCfg = Release|Any CPU
		{F88A7A7E-3D38-4371-ACAF-FE5AF0765503}.Release|x64.Build.0 = Release|Any CPU
		{F88A7A7E-3D38-4371-ACAF-FE5AF0765503}.Release|x86.ActiveCfg = Release|Any CPU
		{F88A7A7E-3D38-4371-ACAF-FE5AF0765503}.Release|x86.Build.0 = Release|Any CPU
		{1E4FDABF-9610-4382-84C2-16100EC85504}.Debug|Any CPU.ActiveCfg = Debug|Any CPU
		{1E4FDABF-9610-4382-84C2-16100EC85504}.Debug|Any CPU.Build.0 = Debug|Any CPU
		{1E4FDABF-9610-4382-84C2-16100EC85504}.Debug|x64.ActiveCfg = Debug|Any CPU
		{1E4FDABF-9610-4382-84C2-16100EC85504}.Debug|x64.Build.0 = Debug|Any CPU
		{1E4FDABF-9610-4382-84C2-16100EC85504}.Debug|x86.ActiveCfg = Debug|Any CPU
		{1E4FDABF-9610-4382-84C2-16100EC85504}.Debug|x86.Build.0 = Debug|Any CPU
		{1E4FDABF-9610-4382-84C2-16100EC85504}.Release|Any CPU.ActiveCfg = Release|Any CPU
		{1E4FDABF-9610-4382-84C2-16100EC85504}.Release|Any CPU.Build.0 = Release|Any CPU
		{1E4FDABF-9610-4382-84C2-16100EC85504}.Release|x64.ActiveCfg = Release|Any CPU
		{1E4FDABF-9610-4382-84C2-16100EC85504}.Release|x64.Build.0 = Release|Any CPU
		{1E4FDABF-9610-4382-84C2-16100EC85504}.Release|x86.ActiveCfg = Release|Any CPU
		{1E4FDABF-9610-4382-84C2-16100EC85504}.Release|x86.Build.0 = Release|Any CPU
		{5A52584C-704A-489B-9E8E-46E4068B3074}.Debug|Any CPU.ActiveCfg = Debug|Any CPU
		{5A52584C-704A-489B-9E8E-46E4068B3074}.Debug|Any CPU.Build.0 = Debug|Any CPU
		{5A52584C-704A-489B-9E8E-46E4068B3074}.Debug|x64.ActiveCfg = Debug|Any CPU
		{5A52584C-704A-489B-9E8E-46E4068B3074}.Debug|x64.Build.0 = Debug|Any CPU
		{5A52584C-704A-489B-9E8E-46E4068B3074}.Debug|x86.ActiveCfg = Debug|Any CPU
		{5A52584C-704A-489B-9E8E-46E4068B3074}.Debug|x86.Build.0 = Debug|Any CPU
		{5A52584C-704A-489B-9E8E-46E4068B3074}.Release|Any CPU.ActiveCfg = Release|Any CPU
		{5A52584C-704A-489B-9E8E-46E4068B3074}.Release|Any CPU.Build.0 = Release|Any CPU
		{5A52584C-704A-489B-9E8E-46E4068B3074}.Release|x64.ActiveCfg = Release|Any CPU
		{5A52584C-704A-489B-9E8E-46E4068B3074}.Release|x64.Build.0 = Release|Any CPU
		{5A52584C-704A-489B-9E8E-46E4068B3074}.Release|x86.ActiveCfg = Release|Any CPU
		{5A52584C-704A-489B-9E8E-46E4068B3074}.Release|x86.Build.0 = Release|Any CPU
		{5F72F732-6864-4199-A0EA-30CF9E133E5E}.Debug|Any CPU.ActiveCfg = Debug|Any CPU
		{5F72F732-6864-4199-A0EA-30CF9E133E5E}.Debug|Any CPU.Build.0 = Debug|Any CPU
		{5F72F732-6864-4199-A0EA-30CF9E133E5E}.Debug|x64.ActiveCfg = Debug|Any CPU
		{5F72F732-6864-4199-A0EA-30CF9E133E5E}.Debug|x64.Build.0 = Debug|Any CPU
		{5F72F732-6864-4199-A0EA-30CF9E133E5E}.Debug|x86.ActiveCfg = Debug|Any CPU
		{5F72F732-6864-4199-A0EA-30CF9E133E5E}.Debug|x86.Build.0 = Debug|Any CPU
		{5F72F732-6864-4199-A0EA-30CF9E133E5E}.Release|Any CPU.ActiveCfg = Release|Any CPU
		{5F72F732-6864-4199-A0EA-30CF9E133E5E}.Release|Any CPU.Build.0 = Release|Any CPU
		{5F72F732-6864-4199-A0EA-30CF9E133E5E}.Release|x64.ActiveCfg = Release|Any CPU
		{5F72F732-6864-4199-A0EA-30CF9E133E5E}.Release|x64.Build.0 = Release|Any CPU
		{5F72F732-6864-4199-A0EA-30CF9E133E5E}.Release|x86.ActiveCfg = Release|Any CPU
		{5F72F732-6864-4199-A0EA-30CF9E133E5E}.Release|x86.Build.0 = Release|Any CPU
		{304B89A3-6C14-4681-B183-73C7A127E516}.Debug|Any CPU.ActiveCfg = Debug|Any CPU
		{304B89A3-6C14-4681-B183-73C7A127E516}.Debug|Any CPU.Build.0 = Debug|Any CPU
		{304B89A3-6C14-4681-B183-73C7A127E516}.Debug|x64.ActiveCfg = Debug|Any CPU
		{304B89A3-6C14-4681-B183-73C7A127E516}.Debug|x64.Build.0 = Debug|Any CPU
		{304B89A3-6C14-4681-B183-73C7A127E516}.Debug|x86.ActiveCfg = Debug|Any CPU
		{304B89A3-6C14-4681-B183-73C7A127E516}.Debug|x86.Build.0 = Debug|Any CPU
		{304B89A3-6C14-4681-B183-73C7A127E516}.Release|Any CPU.ActiveCfg = Release|Any CPU
		{304B89A3-6C14-4681-B183-73C7A127E516}.Release|Any CPU.Build.0 = Release|Any CPU
		{304B89A3-6C14-4681-B183-73C7A127E516}.Release|x64.ActiveCfg = Release|Any CPU
		{304B89A3-6C14-4681-B183-73C7A127E516}.Release|x64.Build.0 = Release|Any CPU
		{304B89A3-6C14-4681-B183-73C7A127E516}.Release|x86.ActiveCfg = Release|Any CPU
		{304B89A3-6C14-4681-B183-73C7A127E516}.Release|x86.Build.0 = Release|Any CPU
		{C0620237-29AB-4B67-BDAF-6F707AAE6482}.Debug|Any CPU.ActiveCfg = Debug|Any CPU
		{C0620237-29AB-4B67-BDAF-6F707AAE6482}.Debug|Any CPU.Build.0 = Debug|Any CPU
		{C0620237-29AB-4B67-BDAF-6F707AAE6482}.Debug|x64.ActiveCfg = Debug|Any CPU
		{C0620237-29AB-4B67-BDAF-6F707AAE6482}.Debug|x64.Build.0 = Debug|Any CPU
		{C0620237-29AB-4B67-BDAF-6F707AAE6482}.Debug|x86.ActiveCfg = Debug|Any CPU
		{C0620237-29AB-4B67-BDAF-6F707AAE6482}.Debug|x86.Build.0 = Debug|Any CPU
		{C0620237-29AB-4B67-BDAF-6F707AAE6482}.Release|Any CPU.ActiveCfg = Release|Any CPU
		{C0620237-29AB-4B67-BDAF-6F707AAE6482}.Release|Any CPU.Build.0 = Release|Any CPU
		{C0620237-29AB-4B67-BDAF-6F707AAE6482}.Release|x64.ActiveCfg = Release|Any CPU
		{C0620237-29AB-4B67-BDAF-6F707AAE6482}.Release|x64.Build.0 = Release|Any CPU
		{C0620237-29AB-4B67-BDAF-6F707AAE6482}.Release|x86.ActiveCfg = Release|Any CPU
		{C0620237-29AB-4B67-BDAF-6F707AAE6482}.Release|x86.Build.0 = Release|Any CPU
		{F3B5D508-8F3B-4E33-AABF-A992F4FAFF96}.Debug|Any CPU.ActiveCfg = Debug|Any CPU
		{F3B5D508-8F3B-4E33-AABF-A992F4FAFF96}.Debug|Any CPU.Build.0 = Debug|Any CPU
		{F3B5D508-8F3B-4E33-AABF-A992F4FAFF96}.Debug|x64.ActiveCfg = Debug|Any CPU
		{F3B5D508-8F3B-4E33-AABF-A992F4FAFF96}.Debug|x64.Build.0 = Debug|Any CPU
		{F3B5D508-8F3B-4E33-AABF-A992F4FAFF96}.Debug|x86.ActiveCfg = Debug|Any CPU
		{F3B5D508-8F3B-4E33-AABF-A992F4FAFF96}.Debug|x86.Build.0 = Debug|Any CPU
		{F3B5D508-8F3B-4E33-AABF-A992F4FAFF96}.Release|Any CPU.ActiveCfg = Release|Any CPU
		{F3B5D508-8F3B-4E33-AABF-A992F4FAFF96}.Release|Any CPU.Build.0 = Release|Any CPU
		{F3B5D508-8F3B-4E33-AABF-A992F4FAFF96}.Release|x64.ActiveCfg = Release|Any CPU
		{F3B5D508-8F3B-4E33-AABF-A992F4FAFF96}.Release|x64.Build.0 = Release|Any CPU
		{F3B5D508-8F3B-4E33-AABF-A992F4FAFF96}.Release|x86.ActiveCfg = Release|Any CPU
		{F3B5D508-8F3B-4E33-AABF-A992F4FAFF96}.Release|x86.Build.0 = Release|Any CPU
		{7D3DF6E0-FC95-4FD3-B8E6-895A322645CC}.Debug|Any CPU.ActiveCfg = Debug|Any CPU
		{7D3DF6E0-FC95-4FD3-B8E6-895A322645CC}.Debug|Any CPU.Build.0 = Debug|Any CPU
		{7D3DF6E0-FC95-4FD3-B8E6-895A322645CC}.Debug|x64.ActiveCfg = Debug|Any CPU
		{7D3DF6E0-FC95-4FD3-B8E6-895A322645CC}.Debug|x64.Build.0 = Debug|Any CPU
		{7D3DF6E0-FC95-4FD3-B8E6-895A322645CC}.Debug|x86.ActiveCfg = Debug|Any CPU
		{7D3DF6E0-FC95-4FD3-B8E6-895A322645CC}.Debug|x86.Build.0 = Debug|Any CPU
		{7D3DF6E0-FC95-4FD3-B8E6-895A322645CC}.Release|Any CPU.ActiveCfg = Release|Any CPU
		{7D3DF6E0-FC95-4FD3-B8E6-895A322645CC}.Release|Any CPU.Build.0 = Release|Any CPU
		{7D3DF6E0-FC95-4FD3-B8E6-895A322645CC}.Release|x64.ActiveCfg = Release|Any CPU
		{7D3DF6E0-FC95-4FD3-B8E6-895A322645CC}.Release|x64.Build.0 = Release|Any CPU
		{7D3DF6E0-FC95-4FD3-B8E6-895A322645CC}.Release|x86.ActiveCfg = Release|Any CPU
		{7D3DF6E0-FC95-4FD3-B8E6-895A322645CC}.Release|x86.Build.0 = Release|Any CPU
		{82A287F9-A23A-45B8-ACBD-EA386543A60D}.Debug|Any CPU.ActiveCfg = Debug|Any CPU
		{82A287F9-A23A-45B8-ACBD-EA386543A60D}.Debug|Any CPU.Build.0 = Debug|Any CPU
		{82A287F9-A23A-45B8-ACBD-EA386543A60D}.Debug|x64.ActiveCfg = Debug|Any CPU
		{82A287F9-A23A-45B8-ACBD-EA386543A60D}.Debug|x64.Build.0 = Debug|Any CPU
		{82A287F9-A23A-45B8-ACBD-EA386543A60D}.Debug|x86.ActiveCfg = Debug|Any CPU
		{82A287F9-A23A-45B8-ACBD-EA386543A60D}.Debug|x86.Build.0 = Debug|Any CPU
		{82A287F9-A23A-45B8-ACBD-EA386543A60D}.Release|Any CPU.ActiveCfg = Release|Any CPU
		{82A287F9-A23A-45B8-ACBD-EA386543A60D}.Release|Any CPU.Build.0 = Release|Any CPU
		{82A287F9-A23A-45B8-ACBD-EA386543A60D}.Release|x64.ActiveCfg = Release|Any CPU
		{82A287F9-A23A-45B8-ACBD-EA386543A60D}.Release|x64.Build.0 = Release|Any CPU
		{82A287F9-A23A-45B8-ACBD-EA386543A60D}.Release|x86.ActiveCfg = Release|Any CPU
		{82A287F9-A23A-45B8-ACBD-EA386543A60D}.Release|x86.Build.0 = Release|Any CPU
		{0CD27E6C-3800-4D5D-9FFB-0E55C1B4ADA2}.Debug|Any CPU.ActiveCfg = Debug|Any CPU
		{0CD27E6C-3800-4D5D-9FFB-0E55C1B4ADA2}.Debug|Any CPU.Build.0 = Debug|Any CPU
		{0CD27E6C-3800-4D5D-9FFB-0E55C1B4ADA2}.Debug|x64.ActiveCfg = Debug|Any CPU
		{0CD27E6C-3800-4D5D-9FFB-0E55C1B4ADA2}.Debug|x64.Build.0 = Debug|Any CPU
		{0CD27E6C-3800-4D5D-9FFB-0E55C1B4ADA2}.Debug|x86.ActiveCfg = Debug|Any CPU
		{0CD27E6C-3800-4D5D-9FFB-0E55C1B4ADA2}.Debug|x86.Build.0 = Debug|Any CPU
		{0CD27E6C-3800-4D5D-9FFB-0E55C1B4ADA2}.Release|Any CPU.ActiveCfg = Release|Any CPU
		{0CD27E6C-3800-4D5D-9FFB-0E55C1B4ADA2}.Release|Any CPU.Build.0 = Release|Any CPU
		{0CD27E6C-3800-4D5D-9FFB-0E55C1B4ADA2}.Release|x64.ActiveCfg = Release|Any CPU
		{0CD27E6C-3800-4D5D-9FFB-0E55C1B4ADA2}.Release|x64.Build.0 = Release|Any CPU
		{0CD27E6C-3800-4D5D-9FFB-0E55C1B4ADA2}.Release|x86.ActiveCfg = Release|Any CPU
		{0CD27E6C-3800-4D5D-9FFB-0E55C1B4ADA2}.Release|x86.Build.0 = Release|Any CPU
		{D22CEB69-D10C-4409-8437-CEEACC6E0CF5}.Debug|Any CPU.ActiveCfg = Debug|Any CPU
		{D22CEB69-D10C-4409-8437-CEEACC6E0CF5}.Debug|Any CPU.Build.0 = Debug|Any CPU
		{D22CEB69-D10C-4409-8437-CEEACC6E0CF5}.Debug|x64.ActiveCfg = Debug|Any CPU
		{D22CEB69-D10C-4409-8437-CEEACC6E0CF5}.Debug|x64.Build.0 = Debug|Any CPU
		{D22CEB69-D10C-4409-8437-CEEACC6E0CF5}.Debug|x86.ActiveCfg = Debug|Any CPU
		{D22CEB69-D10C-4409-8437-CEEACC6E0CF5}.Debug|x86.Build.0 = Debug|Any CPU
		{D22CEB69-D10C-4409-8437-CEEACC6E0CF5}.Release|Any CPU.ActiveCfg = Release|Any CPU
		{D22CEB69-D10C-4409-8437-CEEACC6E0CF5}.Release|Any CPU.Build.0 = Release|Any CPU
		{D22CEB69-D10C-4409-8437-CEEACC6E0CF5}.Release|x64.ActiveCfg = Release|Any CPU
		{D22CEB69-D10C-4409-8437-CEEACC6E0CF5}.Release|x64.Build.0 = Release|Any CPU
		{D22CEB69-D10C-4409-8437-CEEACC6E0CF5}.Release|x86.ActiveCfg = Release|Any CPU
		{D22CEB69-D10C-4409-8437-CEEACC6E0CF5}.Release|x86.Build.0 = Release|Any CPU
	EndGlobalSection
	GlobalSection(SolutionProperties) = preSolution
		HideSolutionNode = FALSE
	EndGlobalSection
	GlobalSection(NestedProjects) = preSolution
		{90298CBA-BD6F-3A0A-69D5-97CAD7B05E7E} = {827E0CD3-B72D-47B6-A68D-7590B98EB39B}
		{6B330F52-B668-4DAE-82EC-C1C603FA576A} = {90298CBA-BD6F-3A0A-69D5-97CAD7B05E7E}
		{6824FA3A-3194-41A9-918E-5A9843AB3645} = {90298CBA-BD6F-3A0A-69D5-97CAD7B05E7E}
		{886FD4CE-24E3-4C37-92FD-4E807CB68A15} = {90298CBA-BD6F-3A0A-69D5-97CAD7B05E7E}
		{C79C3622-AC92-5B3C-4F71-0BD0E7B3816F} = {827E0CD3-B72D-47B6-A68D-7590B98EB39B}
		{5D06C0C9-CE55-4E04-89AB-3C9C1C807E19} = {C79C3622-AC92-5B3C-4F71-0BD0E7B3816F}
		{EC447DCF-ABFA-6E24-52A5-D7FD48A5C558} = {827E0CD3-B72D-47B6-A68D-7590B98EB39B}
		{61DCC6D7-ECE4-129F-6A42-39B2DD414C68} = {EC447DCF-ABFA-6E24-52A5-D7FD48A5C558}
		{295102B5-0F98-4617-8D49-0E54DBEFD5CE} = {61DCC6D7-ECE4-129F-6A42-39B2DD414C68}
		{5D2F01BE-DFEB-4DA1-99A3-99097E30E92B} = {61DCC6D7-ECE4-129F-6A42-39B2DD414C68}
		{48DFA6E3-C8D8-4AE1-8078-2697EB1B45C1} = {61DCC6D7-ECE4-129F-6A42-39B2DD414C68}
		{95F7DD3B-9796-4E99-B88D-0519DC428F22} = {61DCC6D7-ECE4-129F-6A42-39B2DD414C68}
		{050A764C-58DC-491B-8D21-037B395F5A42} = {C79C3622-AC92-5B3C-4F71-0BD0E7B3816F}
		{D8790863-0130-38CD-EBA0-9F55971BEA30} = {EC447DCF-ABFA-6E24-52A5-D7FD48A5C558}
		{81A23331-1683-4157-9363-904C07ABC733} = {D8790863-0130-38CD-EBA0-9F55971BEA30}
		{58E68DEA-A416-4559-8201-390CE56FB1E9} = {D8790863-0130-38CD-EBA0-9F55971BEA30}
		{6D26CAE0-2E90-42BC-9523-58A47E5D512E} = {D8790863-0130-38CD-EBA0-9F55971BEA30}
		{C1183B91-498F-45D5-B032-E6700AEAD699} = {D8790863-0130-38CD-EBA0-9F55971BEA30}
		{F0F0C51C-F6A5-8ED5-E07B-23BB77F4B418} = {EC447DCF-ABFA-6E24-52A5-D7FD48A5C558}
		{9D9C4D60-854B-4737-B311-D1207321EFFB} = {F0F0C51C-F6A5-8ED5-E07B-23BB77F4B418}
		{A1104D01-CDB9-43D6-B021-948FB66AB369} = {F0F0C51C-F6A5-8ED5-E07B-23BB77F4B418}
		{0BA1EDC1-2B8E-49CD-877A-31BE0D0E6BBE} = {F0F0C51C-F6A5-8ED5-E07B-23BB77F4B418}
		{D0B619C9-B4EF-43BA-AA52-86404A2B053F} = {F0F0C51C-F6A5-8ED5-E07B-23BB77F4B418}
		{517DC30C-B131-A355-C0E4-26582AB1537B} = {EC447DCF-ABFA-6E24-52A5-D7FD48A5C558}
		{5ADD8171-E7DF-4B9E-918D-8B42B5AAB46D} = {517DC30C-B131-A355-C0E4-26582AB1537B}
		{619C3C6E-0F20-4E96-BCFF-ECAA99FDB2E0} = {517DC30C-B131-A355-C0E4-26582AB1537B}
		{2028831E-BF46-42D0-B6A8-914C8B2C9900} = {517DC30C-B131-A355-C0E4-26582AB1537B}
		{58E95ED8-9EFA-4154-B364-992A8B227194} = {517DC30C-B131-A355-C0E4-26582AB1537B}
		{6B536048-77DE-3F4A-EF5C-A3366A257D51} = {EC447DCF-ABFA-6E24-52A5-D7FD48A5C558}
		{96054AFD-595A-446B-A0B7-2B9BC6D53552} = {6B536048-77DE-3F4A-EF5C-A3366A257D51}
		{DF0D0F20-06C4-4F50-B04D-49C2FE329F2F} = {6B536048-77DE-3F4A-EF5C-A3366A257D51}
		{284FBC12-BFBD-43B3-AFF9-FDD8E28CD40E} = {6B536048-77DE-3F4A-EF5C-A3366A257D51}
		{6D0114BB-B083-46BA-9ACB-4CB2AE90378A} = {6B536048-77DE-3F4A-EF5C-A3366A257D51}
		{99F4706D-366D-4F74-80A0-F7521E4C91EE} = {C79C3622-AC92-5B3C-4F71-0BD0E7B3816F}
		{FD5CA0B5-511F-4D68-A4AB-AE9082308B98} = {C79C3622-AC92-5B3C-4F71-0BD0E7B3816F}
		{0EC62A1A-9858-3A60-8A0C-FC9AACFA2EC7} = {EC447DCF-ABFA-6E24-52A5-D7FD48A5C558}
		{35855E1A-BA1E-48C2-A62A-DE9F031D5BD5} = {0EC62A1A-9858-3A60-8A0C-FC9AACFA2EC7}
		{33F5EF13-E5E0-4801-8EE5-6C4A660BE78D} = {0EC62A1A-9858-3A60-8A0C-FC9AACFA2EC7}
		{EF9ABC5F-226A-43A9-BC40-6D18FBBE1241} = {0EC62A1A-9858-3A60-8A0C-FC9AACFA2EC7}
		{B3A3A81F-A3CC-4D78-8D86-0D41636E2867} = {0EC62A1A-9858-3A60-8A0C-FC9AACFA2EC7}
		{4229EDB8-0862-B55E-9945-90D59FE8EB87} = {EC447DCF-ABFA-6E24-52A5-D7FD48A5C558}
		{F88A7A7E-3D38-4371-ACAF-FE5AF0765503} = {4229EDB8-0862-B55E-9945-90D59FE8EB87}
		{1E4FDABF-9610-4382-84C2-16100EC85504} = {4229EDB8-0862-B55E-9945-90D59FE8EB87}
		{5A52584C-704A-489B-9E8E-46E4068B3074} = {4229EDB8-0862-B55E-9945-90D59FE8EB87}
		{5F72F732-6864-4199-A0EA-30CF9E133E5E} = {4229EDB8-0862-B55E-9945-90D59FE8EB87}
		{B7504168-2F66-9EF4-E8D7-36B98062A6F8} = {EC447DCF-ABFA-6E24-52A5-D7FD48A5C558}
		{304B89A3-6C14-4681-B183-73C7A127E516} = {B7504168-2F66-9EF4-E8D7-36B98062A6F8}
		{C0620237-29AB-4B67-BDAF-6F707AAE6482} = {B7504168-2F66-9EF4-E8D7-36B98062A6F8}
		{F3B5D508-8F3B-4E33-AABF-A992F4FAFF96} = {B7504168-2F66-9EF4-E8D7-36B98062A6F8}
		{7D3DF6E0-FC95-4FD3-B8E6-895A322645CC} = {B7504168-2F66-9EF4-E8D7-36B98062A6F8}
		{82A287F9-A23A-45B8-ACBD-EA386543A60D} = {C79C3622-AC92-5B3C-4F71-0BD0E7B3816F}
		{0CD27E6C-3800-4D5D-9FFB-0E55C1B4ADA2} = {C79C3622-AC92-5B3C-4F71-0BD0E7B3816F}
		{D22CEB69-D10C-4409-8437-CEEACC6E0CF5} = {0AB3BF05-4346-4AA6-1389-037BE0695223}
	EndGlobalSection
EndGlobal
